
Microsoft Visual Studio Solution File, Format Version 12.00
# Visual Studio Version 16
VisualStudioVersion = 16.0.30804.86
MinimumVisualStudioVersion = 10.0.40219.1
Project("{FAE04EC0-301F-11D3-BF4B-00C04F79EFBC}") = "CursoMVC", "CursoMVC\CursoMVC.csproj", "{65D80260-1E80-44B1-A9FA-A4E29CBB9ABC}"
EndProject
Project("{FAE04EC0-301F-11D3-BF4B-00C04F79EFBC}") = "CursoAPI", "CursoAPI\CursoAPI.csproj", "{3CB9ECC8-8C30-462A-8F77-1200253B9C93}"
EndProject
Project("{FAE04EC0-301F-11D3-BF4B-00C04F79EFBC}") = "CursoTestee", "CursoTestee\CursoTestee.csproj", "{8CE2652B-B28B-4410-9DFD-BAD84B25603E}"
EndProject
Global
	GlobalSection(SolutionConfigurationPlatforms) = preSolution
		Debug|Any CPU = Debug|Any CPU
		Release|Any CPU = Release|Any CPU
	EndGlobalSection
	GlobalSection(ProjectConfigurationPlatforms) = postSolution
		{65D80260-1E80-44B1-A9FA-A4E29CBB9ABC}.Debug|Any CPU.ActiveCfg = Debug|Any CPU
		{65D80260-1E80-44B1-A9FA-A4E29CBB9ABC}.Debug|Any CPU.Build.0 = Debug|Any CPU
		{65D80260-1E80-44B1-A9FA-A4E29CBB9ABC}.Release|Any CPU.ActiveCfg = Release|Any CPU
		{65D80260-1E80-44B1-A9FA-A4E29CBB9ABC}.Release|Any CPU.Build.0 = Release|Any CPU
		{3CB9ECC8-8C30-462A-8F77-1200253B9C93}.Debug|Any CPU.ActiveCfg = Debug|Any CPU
		{3CB9ECC8-8C30-462A-8F77-1200253B9C93}.Debug|Any CPU.Build.0 = Debug|Any CPU
		{3CB9ECC8-8C30-462A-8F77-1200253B9C93}.Release|Any CPU.ActiveCfg = Release|Any CPU
		{3CB9ECC8-8C30-462A-8F77-1200253B9C93}.Release|Any CPU.Build.0 = Release|Any CPU
		{8CE2652B-B28B-4410-9DFD-BAD84B25603E}.Debug|Any CPU.ActiveCfg = Debug|Any CPU
		{8CE2652B-B28B-4410-9DFD-BAD84B25603E}.Debug|Any CPU.Build.0 = Debug|Any CPU
		{8CE2652B-B28B-4410-9DFD-BAD84B25603E}.Release|Any CPU.ActiveCfg = Release|Any CPU
		{8CE2652B-B28B-4410-9DFD-BAD84B25603E}.Release|Any CPU.Build.0 = Release|Any CPU
	EndGlobalSection
	GlobalSection(SolutionProperties) = preSolution
		HideSolutionNode = FALSE
	EndGlobalSection
	GlobalSection(ExtensibilityGlobals) = postSolution
		SolutionGuid = {3A19A763-3D50-4E9F-BC57-4A0B700EC368}
	EndGlobalSection
EndGlobal
